
Microsoft Visual Studio Solution File, Format Version 12.00
# Visual Studio Version 17
VisualStudioVersion = 17.0.31903.59
MinimumVisualStudioVersion = 10.0.40219.1
Project("{FAE04EC0-301F-11D3-BF4B-00C04F79EFBC}") = "NewsTelegramBot", "NewsTelegramBot\NewsTelegramBot.csproj", "{4BF883D1-FA87-4989-8E7C-14C21B223F3F}"
EndProject
Project("{FAE04EC0-301F-11D3-BF4B-00C04F79EFBC}") = "Infrastructure", "Infrastructure\Infrastructure.csproj", "{645DC40D-4EEF-492E-BF0C-3A24598DED56}"
EndProject
Project("{FAE04EC0-301F-11D3-BF4B-00C04F79EFBC}") = "Core", "Core\Core.csproj", "{664A51E3-4FCD-4536-AA18-DC98FC642BF9}"
EndProject
Project("{FAE04EC0-301F-11D3-BF4B-00C04F79EFBC}") = "Application", "Application\Application.csproj", "{A5C8F6EE-FA37-491F-8E47-1A47F59D5EF7}"
EndProject
Global
	GlobalSection(SolutionConfigurationPlatforms) = preSolution
		Debug|Any CPU = Debug|Any CPU
		Release|Any CPU = Release|Any CPU
	EndGlobalSection
	GlobalSection(SolutionProperties) = preSolution
		HideSolutionNode = FALSE
	EndGlobalSection
	GlobalSection(ProjectConfigurationPlatforms) = postSolution
		{4BF883D1-FA87-4989-8E7C-14C21B223F3F}.Debug|Any CPU.ActiveCfg = Debug|Any CPU
		{4BF883D1-FA87-4989-8E7C-14C21B223F3F}.Debug|Any CPU.Build.0 = Debug|Any CPU
		{4BF883D1-FA87-4989-8E7C-14C21B223F3F}.Release|Any CPU.ActiveCfg = Release|Any CPU
		{4BF883D1-FA87-4989-8E7C-14C21B223F3F}.Release|Any CPU.Build.0 = Release|Any CPU
		{645DC40D-4EEF-492E-BF0C-3A24598DED56}.Debug|Any CPU.ActiveCfg = Debug|Any CPU
		{645DC40D-4EEF-492E-BF0C-3A24598DED56}.Debug|Any CPU.Build.0 = Debug|Any CPU
		{645DC40D-4EEF-492E-BF0C-3A24598DED56}.Release|Any CPU.ActiveCfg = Release|Any CPU
		{645DC40D-4EEF-492E-BF0C-3A24598DED56}.Release|Any CPU.Build.0 = Release|Any CPU
		{664A51E3-4FCD-4536-AA18-DC98FC642BF9}.Debug|Any CPU.ActiveCfg = Debug|Any CPU
		{664A51E3-4FCD-4536-AA18-DC98FC642BF9}.Debug|Any CPU.Build.0 = Debug|Any CPU
		{664A51E3-4FCD-4536-AA18-DC98FC642BF9}.Release|Any CPU.ActiveCfg = Release|Any CPU
		{664A51E3-4FCD-4536-AA18-DC98FC642BF9}.Release|Any CPU.Build.0 = Release|Any CPU
		{A5C8F6EE-FA37-491F-8E47-1A47F59D5EF7}.Debug|Any CPU.ActiveCfg = Debug|Any CPU
		{A5C8F6EE-FA37-491F-8E47-1A47F59D5EF7}.Debug|Any CPU.Build.0 = Debug|Any CPU
		{A5C8F6EE-FA37-491F-8E47-1A47F59D5EF7}.Release|Any CPU.ActiveCfg = Release|Any CPU
		{A5C8F6EE-FA37-491F-8E47-1A47F59D5EF7}.Release|Any CPU.Build.0 = Release|Any CPU
	EndGlobalSection
EndGlobal
